<?xml version="1.0" encoding="UTF-8" standalone="yes" ?>
<CodeBlocks_project_file>
	<FileVersion major="1" minor="6" />
	<Project>
		<Option title="box2D" />
		<Option pch_mode="2" />
		<Option compiler="gcc" />
		<Build>
			<Target title="Debug">
				<Option output="bin/Debug/box2D" prefix_auto="1" extension_auto="1" />
				<Option object_output="obj/Debug/" />
				<Option type="1" />
				<Option compiler="gcc" />
				<Compiler>
					<Add option="-fexpensive-optimizations" />
					<Add option="-O3" />
					<Add option="-g" />
					<Add directory="/usr/local/include/" />
				</Compiler>
				<Linker>
					<Add option="-lBox2D" />
					<Add directory="/usr/local/lib" />
					<Add directory="/usr/local/lib/Box2D" />
				</Linker>
			</Target>
			<Target title="Release">
				<Option output="bin/Release/box2D" prefix_auto="1" extension_auto="1" />
				<Option object_output="obj/Release/" />
				<Option type="0" />
				<Option compiler="gcc" />
				<Compiler>
					<Add option="-O2" />
				</Compiler>
				<Linker>
					<Add option="-s" />
				</Linker>
			</Target>
		</Build>
		<Compiler>
			<Add option="-Wall" />
			<Add option="-fpermissive" />
		</Compiler>
		<Linker>
			<Add option="-lGL" />
			<Add option="-lGLU" />
			<Add option="-lGLEW" />
			<Add library="sfml-audio" />
			<Add library="sfml-graphics" />
			<Add library="sfml-network" />
			<Add library="sfml-system" />
			<Add library="sfml-window" />
		</Linker>
		<Unit filename="header/Events.hpp" />
		<Unit filename="header/body.hpp" />
		<Unit filename="header/body/Circle.hpp" />
		<Unit filename="header/body/Convex.hpp" />
		<Unit filename="header/body/Entity.hpp" />
		<Unit filename="header/body/NotDrawableBody.hpp" />
		<Unit filename="header/body/NotDrawableCircle.hpp" />
		<Unit filename="header/body/Rect.hpp" />
		<Unit filename="header/body/SoftCircle.hpp" />
		<Unit filename="header/body/body.hpp" />
		<Unit filename="header/body/convert.h" />
		<Unit filename="header/event/BaseEventCallable.hpp" />
		<Unit filename="header/event/EventExecutable.hpp" />
		<Unit filename="header/event/EventManager.hpp" />
		<Unit filename="header/event/EventObject.hpp" />
		<Unit filename="header/event/EventObjectParam.hpp" />
		<Unit filename="header/window.hpp" />
		<Unit filename="header/window/MainWindow.hpp" />
		<Unit filename="main.cpp" />
		<Unit filename="src/body/Circle.cpp" />
		<Unit filename="src/body/Convex.cpp" />
		<Unit filename="src/body/Entity.cpp" />
		<Unit filename="src/body/NotDrawableBody.cpp" />
		<Unit filename="src/body/NotDrawableCircle.cpp" />
		<Unit filename="src/body/Rect.cpp" />
		<Unit filename="src/body/SoftCircle.cpp" />
		<Unit filename="src/body/body.cpp" />
		<Unit filename="src/event/BaseEventCallable.cpp" />
		<Unit filename="src/window/MainWindow.cpp" />
		<Extensions>
			<code_completion />
			<debugger />
		</Extensions>
	</Project>
</CodeBlocks_project_file>
